
Microsoft Visual Studio Solution File, Format Version 12.00
# Visual Studio Version 16
VisualStudioVersion = 16.0.33214.272
MinimumVisualStudioVersion = 10.0.40219.1
Project("{9A19103F-16F7-4668-BE54-9A1E7A4F7556}") = "Employees", "Employees\Employees.csproj", "{B5EC228A-72F3-4D49-81E0-5681C3658350}"
EndProject
Project("{9A19103F-16F7-4668-BE54-9A1E7A4F7556}") = "Employees.Logic", "Employees.Logic\Employees.Logic.csproj", "{7B7DC119-D1AC-4D82-BE9E-8FEA499492BC}"
EndProject
Project("{9A19103F-16F7-4668-BE54-9A1E7A4F7556}") = "Employees.Data", "Employees.Data\Employees.Data.csproj", "{49371361-2C2C-4DB6-A051-8DF6B4BE47F5}"
EndProject
Project("{FAE04EC0-301F-11D3-BF4B-00C04F79EFBC}") = "Employees.Services", "Employees.Services\Employees.Services.csproj", "{338A0798-BE5B-4554-8A16-6968CC0210C1}"
EndProject
Project("{FAE04EC0-301F-11D3-BF4B-00C04F79EFBC}") = "Employees.Common", "Employees.Common\Employees.Common.csproj", "{C61586D6-9FE7-49E3-AE9A-0C2F84D16B8E}"
EndProject
Global
	GlobalSection(SolutionConfigurationPlatforms) = preSolution
		Debug|Any CPU = Debug|Any CPU
		Release|Any CPU = Release|Any CPU
	EndGlobalSection
	GlobalSection(ProjectConfigurationPlatforms) = postSolution
		{B5EC228A-72F3-4D49-81E0-5681C3658350}.Debug|Any CPU.ActiveCfg = Debug|Any CPU
		{B5EC228A-72F3-4D49-81E0-5681C3658350}.Debug|Any CPU.Build.0 = Debug|Any CPU
		{B5EC228A-72F3-4D49-81E0-5681C3658350}.Release|Any CPU.ActiveCfg = Release|Any CPU
		{B5EC228A-72F3-4D49-81E0-5681C3658350}.Release|Any CPU.Build.0 = Release|Any CPU
		{7B7DC119-D1AC-4D82-BE9E-8FEA499492BC}.Debug|Any CPU.ActiveCfg = Debug|Any CPU
		{7B7DC119-D1AC-4D82-BE9E-8FEA499492BC}.Debug|Any CPU.Build.0 = Debug|Any CPU
		{7B7DC119-D1AC-4D82-BE9E-8FEA499492BC}.Release|Any CPU.ActiveCfg = Release|Any CPU
		{7B7DC119-D1AC-4D82-BE9E-8FEA499492BC}.Release|Any CPU.Build.0 = Release|Any CPU
		{49371361-2C2C-4DB6-A051-8DF6B4BE47F5}.Debug|Any CPU.ActiveCfg = Debug|Any CPU
		{49371361-2C2C-4DB6-A051-8DF6B4BE47F5}.Debug|Any CPU.Build.0 = Debug|Any CPU
		{49371361-2C2C-4DB6-A051-8DF6B4BE47F5}.Release|Any CPU.ActiveCfg = Release|Any CPU
		{49371361-2C2C-4DB6-A051-8DF6B4BE47F5}.Release|Any CPU.Build.0 = Release|Any CPU
		{338A0798-BE5B-4554-8A16-6968CC0210C1}.Debug|Any CPU.ActiveCfg = Debug|Any CPU
		{338A0798-BE5B-4554-8A16-6968CC0210C1}.Debug|Any CPU.Build.0 = Debug|Any CPU
		{338A0798-BE5B-4554-8A16-6968CC0210C1}.Release|Any CPU.ActiveCfg = Release|Any CPU
		{338A0798-BE5B-4554-8A16-6968CC0210C1}.Release|Any CPU.Build.0 = Release|Any CPU
		{C61586D6-9FE7-49E3-AE9A-0C2F84D16B8E}.Debug|Any CPU.ActiveCfg = Debug|Any CPU
		{C61586D6-9FE7-49E3-AE9A-0C2F84D16B8E}.Debug|Any CPU.Build.0 = Debug|Any CPU
		{C61586D6-9FE7-49E3-AE9A-0C2F84D16B8E}.Release|Any CPU.ActiveCfg = Release|Any CPU
		{C61586D6-9FE7-49E3-AE9A-0C2F84D16B8E}.Release|Any CPU.Build.0 = Release|Any CPU
	EndGlobalSection
	GlobalSection(SolutionProperties) = preSolution
		HideSolutionNode = FALSE
	EndGlobalSection
	GlobalSection(ExtensibilityGlobals) = postSolution
		SolutionGuid = {EFE8DA13-0C66-4ED3-B65F-43C898B6E441}
	EndGlobalSection
EndGlobal
