
Microsoft Visual Studio Solution File, Format Version 12.00
# Visual Studio Version 16
VisualStudioVersion = 16.0.33214.272
MinimumVisualStudioVersion = 10.0.40219.1
Project("{9A19103F-16F7-4668-BE54-9A1E7A4F7556}") = "Employees", "Employees\Employees.csproj", "{B5EC228A-72F3-4D49-81E0-5681C3658350}"
EndProject
Project("{9A19103F-16F7-4668-BE54-9A1E7A4F7556}") = "Employees.Data", "Employees.Domain.Core\Employees.Data.csproj", "{00C94C43-F8F7-4813-B8F3-9F67A592B1AA}"
EndProject
Project("{FAE04EC0-301F-11D3-BF4B-00C04F79EFBC}") = "Employees.Buissnes", "ES.Data.Models\Employees.Buissnes.csproj", "{D2506059-9799-49A5-8484-F05E5998BCCE}"
EndProject
Global
	GlobalSection(SolutionConfigurationPlatforms) = preSolution
		Debug|Any CPU = Debug|Any CPU
		Release|Any CPU = Release|Any CPU
	EndGlobalSection
	GlobalSection(ProjectConfigurationPlatforms) = postSolution
		{B5EC228A-72F3-4D49-81E0-5681C3658350}.Debug|Any CPU.ActiveCfg = Debug|Any CPU
		{B5EC228A-72F3-4D49-81E0-5681C3658350}.Debug|Any CPU.Build.0 = Debug|Any CPU
		{B5EC228A-72F3-4D49-81E0-5681C3658350}.Release|Any CPU.ActiveCfg = Release|Any CPU
		{B5EC228A-72F3-4D49-81E0-5681C3658350}.Release|Any CPU.Build.0 = Release|Any CPU
		{00C94C43-F8F7-4813-B8F3-9F67A592B1AA}.Debug|Any CPU.ActiveCfg = Debug|Any CPU
		{00C94C43-F8F7-4813-B8F3-9F67A592B1AA}.Debug|Any CPU.Build.0 = Debug|Any CPU
		{00C94C43-F8F7-4813-B8F3-9F67A592B1AA}.Release|Any CPU.ActiveCfg = Release|Any CPU
		{00C94C43-F8F7-4813-B8F3-9F67A592B1AA}.Release|Any CPU.Build.0 = Release|Any CPU
		{D2506059-9799-49A5-8484-F05E5998BCCE}.Debug|Any CPU.ActiveCfg = Debug|Any CPU
		{D2506059-9799-49A5-8484-F05E5998BCCE}.Debug|Any CPU.Build.0 = Debug|Any CPU
		{D2506059-9799-49A5-8484-F05E5998BCCE}.Release|Any CPU.ActiveCfg = Release|Any CPU
		{D2506059-9799-49A5-8484-F05E5998BCCE}.Release|Any CPU.Build.0 = Release|Any CPU
	EndGlobalSection
	GlobalSection(SolutionProperties) = preSolution
		HideSolutionNode = FALSE
	EndGlobalSection
	GlobalSection(ExtensibilityGlobals) = postSolution
		SolutionGuid = {EFE8DA13-0C66-4ED3-B65F-43C898B6E441}
	EndGlobalSection
EndGlobal
